
Microsoft Visual Studio Solution File, Format Version 12.00
# Visual Studio Version 17
VisualStudioVersion = 17.12.35506.116
MinimumVisualStudioVersion = 10.0.40219.1
Project("{FAE04EC0-301F-11D3-BF4B-00C04F79EFBC}") = "POS_API", "XmlToTable\POS_API.csproj", "{DE384DCB-5622-495D-BAE2-A3D8919122E7}"
EndProject
Project("{FAE04EC0-301F-11D3-BF4B-00C04F79EFBC}") = "POS_API.nUnitTests", "POS_API.nUnitTests\POS_API.nUnitTests.csproj", "{F260DB55-713A-4A3A-91CF-92D6913C0C8A}"
EndProject
Global
	GlobalSection(SolutionConfigurationPlatforms) = preSolution
		Debug|Any CPU = Debug|Any CPU
		Release|Any CPU = Release|Any CPU
	EndGlobalSection
	GlobalSection(ProjectConfigurationPlatforms) = postSolution
		{DE384DCB-5622-495D-BAE2-A3D8919122E7}.Debug|Any CPU.ActiveCfg = Debug|Any CPU
		{DE384DCB-5622-495D-BAE2-A3D8919122E7}.Debug|Any CPU.Build.0 = Debug|Any CPU
		{DE384DCB-5622-495D-BAE2-A3D8919122E7}.Release|Any CPU.ActiveCfg = Release|Any CPU
		{DE384DCB-5622-495D-BAE2-A3D8919122E7}.Release|Any CPU.Build.0 = Release|Any CPU
		{F260DB55-713A-4A3A-91CF-92D6913C0C8A}.Debug|Any CPU.ActiveCfg = Debug|Any CPU
		{F260DB55-713A-4A3A-91CF-92D6913C0C8A}.Debug|Any CPU.Build.0 = Debug|Any CPU
		{F260DB55-713A-4A3A-91CF-92D6913C0C8A}.Release|Any CPU.ActiveCfg = Release|Any CPU
		{F260DB55-713A-4A3A-91CF-92D6913C0C8A}.Release|Any CPU.Build.0 = Release|Any CPU
	EndGlobalSection
	GlobalSection(SolutionProperties) = preSolution
		HideSolutionNode = FALSE
	EndGlobalSection
EndGlobal
